
Microsoft Visual Studio Solution File, Format Version 12.00
# Visual Studio Version 17
VisualStudioVersion = 17.7.34031.279
MinimumVisualStudioVersion = 10.0.40219.1
Project("{9A19103F-16F7-4668-BE54-9A1E7A4F7556}") = "API", "API.csproj", "{1F89643E-B097-4BEC-9888-3A544F11BD0D}"
EndProject
Global
	GlobalSection(SolutionConfigurationPlatforms) = preSolution
		Debug|Any CPU = Debug|Any CPU
		Release|Any CPU = Release|Any CPU
	EndGlobalSection
	GlobalSection(ProjectConfigurationPlatforms) = postSolution
		{1F89643E-B097-4BEC-9888-3A544F11BD0D}.Debug|Any CPU.ActiveCfg = Debug|Any CPU
		{1F89643E-B097-4BEC-9888-3A544F11BD0D}.Debug|Any CPU.Build.0 = Debug|Any CPU
		{1F89643E-B097-4BEC-9888-3A544F11BD0D}.Release|Any CPU.ActiveCfg = Release|Any CPU
		{1F89643E-B097-4BEC-9888-3A544F11BD0D}.Release|Any CPU.Build.0 = Release|Any CPU
	EndGlobalSection
	GlobalSection(SolutionProperties) = preSolution
		HideSolutionNode = FALSE
	EndGlobalSection
	GlobalSection(ExtensibilityGlobals) = postSolution
		SolutionGuid = {A5DBAED0-C643-4557-B5D2-914EC81604BF}
	EndGlobalSection
EndGlobal
